
Microsoft Visual Studio Solution File, Format Version 12.00
# Visual Studio 15
VisualStudioVersion = 15.0.27703.2042
MinimumVisualStudioVersion = 10.0.40219.1
Project("{FAE04EC0-301F-11D3-BF4B-00C04F79EFBC}") = "Cuenta", "Cuenta\Cuenta.csproj", "{D28C62D6-1DFA-4054-A834-E13D1D98217F}"
EndProject
Global
	GlobalSection(SolutionConfigurationPlatforms) = preSolution
		Debug|Any CPU = Debug|Any CPU
		Release|Any CPU = Release|Any CPU
	EndGlobalSection
	GlobalSection(ProjectConfigurationPlatforms) = postSolution
		{D28C62D6-1DFA-4054-A834-E13D1D98217F}.Debug|Any CPU.ActiveCfg = Debug|Any CPU
		{D28C62D6-1DFA-4054-A834-E13D1D98217F}.Debug|Any CPU.Build.0 = Debug|Any CPU
		{D28C62D6-1DFA-4054-A834-E13D1D98217F}.Release|Any CPU.ActiveCfg = Release|Any CPU
		{D28C62D6-1DFA-4054-A834-E13D1D98217F}.Release|Any CPU.Build.0 = Release|Any CPU
	EndGlobalSection
	GlobalSection(SolutionProperties) = preSolution
		HideSolutionNode = FALSE
	EndGlobalSection
	GlobalSection(ExtensibilityGlobals) = postSolution
		SolutionGuid = {6C24942E-FEF7-453B-B23B-B87B7CFA6EFC}
	EndGlobalSection
EndGlobal
